// !$*UTF8*$!
{
	archiveVersion = 1;
	classes = {
	};
	objectVersion = 50;
	objects = {

/* Begin PBXBuildFile section */
		D15647FA242019440014A841 /* AppDelegate.swift in Sources */ = {isa = PBXBuildFile; fileRef = D15647F9242019440014A841 /* AppDelegate.swift */; };
		D15647FE242019460014A841 /* Assets.xcassets in Resources */ = {isa = PBXBuildFile; fileRef = D15647FD242019460014A841 /* Assets.xcassets */; };
		D1564801242019460014A841 /* Main.storyboard in Resources */ = {isa = PBXBuildFile; fileRef = D15647FF242019460014A841 /* Main.storyboard */; };
		D156480A242019CF0014A841 /* Driver.swift in Sources */ = {isa = PBXBuildFile; fileRef = D1564809242019CF0014A841 /* Driver.swift */; };
		D156481024201A690014A841 /* Streaming.swift in Sources */ = {isa = PBXBuildFile; fileRef = D156480D24201A690014A841 /* Streaming.swift */; };
		D156481224201A690014A841 /* ExchangeService.swift in Sources */ = {isa = PBXBuildFile; fileRef = D156480F24201A690014A841 /* ExchangeService.swift */; };
		D156481624201A780014A841 /* Privileges.swift in Sources */ = {isa = PBXBuildFile; fileRef = D156481324201A780014A841 /* Privileges.swift */; };
		D156481724201A780014A841 /* StreamError.swift in Sources */ = {isa = PBXBuildFile; fileRef = D156481424201A780014A841 /* StreamError.swift */; };
		D156481824201A780014A841 /* Models.swift in Sources */ = {isa = PBXBuildFile; fileRef = D156481524201A780014A841 /* Models.swift */; };
		D156481B242029B30014A841 /* Bot.swift in Sources */ = {isa = PBXBuildFile; fileRef = D156481A242029B30014A841 /* Bot.swift */; };
/* End PBXBuildFile section */

/* Begin PBXFileReference section */
		D15647F6242019440014A841 /* LunoSwiftStreamer.app */ = {isa = PBXFileReference; explicitFileType = wrapper.application; includeInIndex = 0; path = LunoSwiftStreamer.app; sourceTree = BUILT_PRODUCTS_DIR; };
		D15647F9242019440014A841 /* AppDelegate.swift */ = {isa = PBXFileReference; lastKnownFileType = sourcecode.swift; path = AppDelegate.swift; sourceTree = "<group>"; };
		D15647FD242019460014A841 /* Assets.xcassets */ = {isa = PBXFileReference; lastKnownFileType = folder.assetcatalog; path = Assets.xcassets; sourceTree = "<group>"; };
		D1564800242019460014A841 /* Base */ = {isa = PBXFileReference; lastKnownFileType = file.storyboard; name = Base; path = Base.lproj/Main.storyboard; sourceTree = "<group>"; };
		D1564802242019460014A841 /* Info.plist */ = {isa = PBXFileReference; lastKnownFileType = text.plist.xml; path = Info.plist; sourceTree = "<group>"; };
		D1564803242019460014A841 /* LunoSwiftStreamer.entitlements */ = {isa = PBXFileReference; lastKnownFileType = text.plist.entitlements; path = LunoSwiftStreamer.entitlements; sourceTree = "<group>"; };
		D1564809242019CF0014A841 /* Driver.swift */ = {isa = PBXFileReference; lastKnownFileType = sourcecode.swift; path = Driver.swift; sourceTree = "<group>"; };
		D156480D24201A690014A841 /* Streaming.swift */ = {isa = PBXFileReference; fileEncoding = 4; lastKnownFileType = sourcecode.swift; path = Streaming.swift; sourceTree = "<group>"; };
		D156480F24201A690014A841 /* ExchangeService.swift */ = {isa = PBXFileReference; fileEncoding = 4; lastKnownFileType = sourcecode.swift; path = ExchangeService.swift; sourceTree = "<group>"; };
		D156481324201A780014A841 /* Privileges.swift */ = {isa = PBXFileReference; fileEncoding = 4; lastKnownFileType = sourcecode.swift; path = Privileges.swift; sourceTree = "<group>"; };
		D156481424201A780014A841 /* StreamError.swift */ = {isa = PBXFileReference; fileEncoding = 4; lastKnownFileType = sourcecode.swift; path = StreamError.swift; sourceTree = "<group>"; };
		D156481524201A780014A841 /* Models.swift */ = {isa = PBXFileReference; fileEncoding = 4; lastKnownFileType = sourcecode.swift; path = Models.swift; sourceTree = "<group>"; };
		D156481A242029B30014A841 /* Bot.swift */ = {isa = PBXFileReference; lastKnownFileType = sourcecode.swift; path = Bot.swift; sourceTree = "<group>"; };
/* End PBXFileReference section */

/* Begin PBXFrameworksBuildPhase section */
		D15647F3242019440014A841 /* Frameworks */ = {
			isa = PBXFrameworksBuildPhase;
			buildActionMask = 2147483647;
			files = (
			);
			runOnlyForDeploymentPostprocessing = 0;
		};
/* End PBXFrameworksBuildPhase section */

/* Begin PBXGroup section */
		D15647ED242019440014A841 = {
			isa = PBXGroup;
			children = (
				D15647F8242019440014A841 /* LunoSwiftStreamer */,
				D15647F7242019440014A841 /* Products */,
			);
			sourceTree = "<group>";
		};
		D15647F7242019440014A841 /* Products */ = {
			isa = PBXGroup;
			children = (
				D15647F6242019440014A841 /* LunoSwiftStreamer.app */,
			);
			name = Products;
			sourceTree = "<group>";
		};
		D15647F8242019440014A841 /* LunoSwiftStreamer */ = {
			isa = PBXGroup;
			children = (
				D15648192420295F0014A841 /* Bot */,
				D156480C24201A1E0014A841 /* Services */,
				D156480B24201A180014A841 /* Models */,
				D15647F9242019440014A841 /* AppDelegate.swift */,
				D15647FD242019460014A841 /* Assets.xcassets */,
				D15647FF242019460014A841 /* Main.storyboard */,
				D1564802242019460014A841 /* Info.plist */,
				D1564803242019460014A841 /* LunoSwiftStreamer.entitlements */,
				D1564809242019CF0014A841 /* Driver.swift */,
			);
			path = LunoSwiftStreamer;
			sourceTree = "<group>";
		};
		D156480B24201A180014A841 /* Models */ = {
			isa = PBXGroup;
			children = (
				D156481324201A780014A841 /* Privileges.swift */,
				D156481424201A780014A841 /* StreamError.swift */,
				D156481524201A780014A841 /* Models.swift */,
			);
			path = Models;
			sourceTree = "<group>";
		};
		D156480C24201A1E0014A841 /* Services */ = {
			isa = PBXGroup;
			children = (
				D156480F24201A690014A841 /* ExchangeService.swift */,
				D156480D24201A690014A841 /* Streaming.swift */,
			);
			path = Services;
			sourceTree = "<group>";
		};
		D15648192420295F0014A841 /* Bot */ = {
			isa = PBXGroup;
			children = (
				D156481A242029B30014A841 /* Bot.swift */,
			);
			path = Bot;
			sourceTree = "<group>";
		};
/* End PBXGroup section */

/* Begin PBXNativeTarget section */
		D15647F5242019440014A841 /* LunoSwiftStreamer */ = {
			isa = PBXNativeTarget;
			buildConfigurationList = D1564806242019460014A841 /* Build configuration list for PBXNativeTarget "LunoSwiftStreamer" */;
			buildPhases = (
				D15647F2242019440014A841 /* Sources */,
				D15647F3242019440014A841 /* Frameworks */,
				D15647F4242019440014A841 /* Resources */,
			);
			buildRules = (
			);
			dependencies = (
			);
			name = LunoSwiftStreamer;
			productName = LunoStreamer;
			productReference = D15647F6242019440014A841 /* LunoSwiftStreamer.app */;
			productType = "com.apple.product-type.application";
		};
/* End PBXNativeTarget section */

/* Begin PBXProject section */
		D15647EE242019440014A841 /* Project object */ = {
			isa = PBXProject;
			attributes = {
				LastSwiftUpdateCheck = 1130;
				LastUpgradeCheck = 1130;
				ORGANIZATIONNAME = Elefantel;
				TargetAttributes = {
					D15647F5242019440014A841 = {
						CreatedOnToolsVersion = 11.3;
					};
				};
			};
			buildConfigurationList = D15647F1242019440014A841 /* Build configuration list for PBXProject "LunoSwiftStreamer" */;
			compatibilityVersion = "Xcode 9.3";
			developmentRegion = en;
			hasScannedForEncodings = 0;
			knownRegions = (
				en,
				Base,
			);
			mainGroup = D15647ED242019440014A841;
			productRefGroup = D15647F7242019440014A841 /* Products */;
			projectDirPath = "";
			projectRoot = "";
			targets = (
				D15647F5242019440014A841 /* LunoSwiftStreamer */,
			);
		};
/* End PBXProject section */

/* Begin PBXResourcesBuildPhase section */
		D15647F4242019440014A841 /* Resources */ = {
			isa = PBXResourcesBuildPhase;
			buildActionMask = 2147483647;
			files = (
				D15647FE242019460014A841 /* Assets.xcassets in Resources */,
				D1564801242019460014A841 /* Main.storyboard in Resources */,
			);
			runOnlyForDeploymentPostprocessing = 0;
		};
/* End PBXResourcesBuildPhase section */

/* Begin PBXSourcesBuildPhase section */
		D15647F2242019440014A841 /* Sources */ = {
			isa = PBXSourcesBuildPhase;
			buildActionMask = 2147483647;
			files = (
				D156481B242029B30014A841 /* Bot.swift in Sources */,
				D156481624201A780014A841 /* Privileges.swift in Sources */,
				D156481724201A780014A841 /* StreamError.swift in Sources */,
				D156481824201A780014A841 /* Models.swift in Sources */,
				D156481024201A690014A841 /* Streaming.swift in Sources */,
				D156481224201A690014A841 /* ExchangeService.swift in Sources */,
				D156480A242019CF0014A841 /* Driver.swift in Sources */,
				D15647FA242019440014A841 /* AppDelegate.swift in Sources */,
			);
			runOnlyForDeploymentPostprocessing = 0;
		};
/* End PBXSourcesBuildPhase section */

/* Begin PBXVariantGroup section */
		D15647FF242019460014A841 /* Main.storyboard */ = {
			isa = PBXVariantGroup;
			children = (
				D1564800242019460014A841 /* Base */,
			);
			name = Main.storyboard;
			sourceTree = "<group>";
		};
/* End PBXVariantGroup section */

/* Begin XCBuildConfiguration section */
		D1564804242019460014A841 /* Debug */ = {
			isa = XCBuildConfiguration;
			buildSettings = {
				ALWAYS_SEARCH_USER_PATHS = NO;
				CLANG_ANALYZER_NONNULL = YES;
				CLANG_ANALYZER_NUMBER_OBJECT_CONVERSION = YES_AGGRESSIVE;
				CLANG_CXX_LANGUAGE_STANDARD = "gnu++14";
				CLANG_CXX_LIBRARY = "libc++";
				CLANG_ENABLE_MODULES = YES;
				CLANG_ENABLE_OBJC_ARC = YES;
				CLANG_ENABLE_OBJC_WEAK = YES;
				CLANG_WARN_BLOCK_CAPTURE_AUTORELEASING = YES;
				CLANG_WARN_BOOL_CONVERSION = YES;
				CLANG_WARN_COMMA = YES;
				CLANG_WARN_CONSTANT_CONVERSION = YES;
				CLANG_WARN_DEPRECATED_OBJC_IMPLEMENTATIONS = YES;
				CLANG_WARN_DIRECT_OBJC_ISA_USAGE = YES_ERROR;
				CLANG_WARN_DOCUMENTATION_COMMENTS = YES;
				CLANG_WARN_EMPTY_BODY = YES;
				CLANG_WARN_ENUM_CONVERSION = YES;
				CLANG_WARN_INFINITE_RECURSION = YES;
				CLANG_WARN_INT_CONVERSION = YES;
				CLANG_WARN_NON_LITERAL_NULL_CONVERSION = YES;
				CLANG_WARN_OBJC_IMPLICIT_RETAIN_SELF = YES;
				CLANG_WARN_OBJC_LITERAL_CONVERSION = YES;
				CLANG_WARN_OBJC_ROOT_CLASS = YES_ERROR;
				CLANG_WARN_RANGE_LOOP_ANALYSIS = YES;
				CLANG_WARN_STRICT_PROTOTYPES = YES;
				CLANG_WARN_SUSPICIOUS_MOVE = YES;
				CLANG_WARN_UNGUARDED_AVAILABILITY = YES_AGGRESSIVE;
				CLANG_WARN_UNREACHABLE_CODE = YES;
				CLANG_WARN__DUPLICATE_METHOD_MATCH = YES;
				COPY_PHASE_STRIP = NO;
				DEBUG_INFORMATION_FORMAT = dwarf;
				ENABLE_STRICT_OBJC_MSGSEND = YES;
				ENABLE_TESTABILITY = YES;
				GCC_C_LANGUAGE_STANDARD = gnu11;
				GCC_DYNAMIC_NO_PIC = NO;
				GCC_NO_COMMON_BLOCKS = YES;
				GCC_OPTIMIZATION_LEVEL = 0;
				GCC_PREPROCESSOR_DEFINITIONS = (
					"DEBUG=1",
					"$(inherited)",
				);
				GCC_WARN_64_TO_32_BIT_CONVERSION = YES;
				GCC_WARN_ABOUT_RETURN_TYPE = YES_ERROR;
				GCC_WARN_UNDECLARED_SELECTOR = YES;
				GCC_WARN_UNINITIALIZED_AUTOS = YES_AGGRESSIVE;
				GCC_WARN_UNUSED_FUNCTION = YES;
				GCC_WARN_UNUSED_VARIABLE = YES;
				MACOSX_DEPLOYMENT_TARGET = 10.15;
				MTL_ENABLE_DEBUG_INFO = INCLUDE_SOURCE;
				MTL_FAST_MATH = YES;
				ONLY_ACTIVE_ARCH = YES;
				SDKROOT = macosx;
				SWIFT_ACTIVE_COMPILATION_CONDITIONS = DEBUG;
				SWIFT_OPTIMIZATION_LEVEL = "-Onone";
			};
			name = Debug;
		};
		D1564805242019460014A841 /* Release */ = {
			isa = XCBuildConfiguration;
			buildSettings = {
				ALWAYS_SEARCH_USER_PATHS = NO;
				CLANG_ANALYZER_NONNULL = YES;
				CLANG_ANALYZER_NUMBER_OBJECT_CONVERSION = YES_AGGRESSIVE;
				CLANG_CXX_LANGUAGE_STANDARD = "gnu++14";
				CLANG_CXX_LIBRARY = "libc++";
				CLANG_ENABLE_MODULES = YES;
				CLANG_ENABLE_OBJC_ARC = YES;
				CLANG_ENABLE_OBJC_WEAK = YES;
				CLANG_WARN_BLOCK_CAPTURE_AUTORELEASING = YES;
				CLANG_WARN_BOOL_CONVERSION = YES;
				CLANG_WARN_COMMA = YES;
				CLANG_WARN_CONSTANT_CONVERSION = YES;
				CLANG_WARN_DEPRECATED_OBJC_IMPLEMENTATIONS = YES;
				CLANG_WARN_DIRECT_OBJC_ISA_USAGE = YES_ERROR;
				CLANG_WARN_DOCUMENTATION_COMMENTS = YES;
				CLANG_WARN_EMPTY_BODY = YES;
				CLANG_WARN_ENUM_CONVERSION = YES;
				CLANG_WARN_INFINITE_RECURSION = YES;
				CLANG_WARN_INT_CONVERSION = YES;
				CLANG_WARN_NON_LITERAL_NULL_CONVERSION = YES;
				CLANG_WARN_OBJC_IMPLICIT_RETAIN_SELF = YES;
				CLANG_WARN_OBJC_LITERAL_CONVERSION = YES;
				CLANG_WARN_OBJC_ROOT_CLASS = YES_ERROR;
				CLANG_WARN_RANGE_LOOP_ANALYSIS = YES;
				CLANG_WARN_STRICT_PROTOTYPES = YES;
				CLANG_WARN_SUSPICIOUS_MOVE = YES;
				CLANG_WARN_UNGUARDED_AVAILABILITY = YES_AGGRESSIVE;
				CLANG_WARN_UNREACHABLE_CODE = YES;
				CLANG_WARN__DUPLICATE_METHOD_MATCH = YES;
				COPY_PHASE_STRIP = NO;
				DEBUG_INFORMATION_FORMAT = "dwarf-with-dsym";
				ENABLE_NS_ASSERTIONS = NO;
				ENABLE_STRICT_OBJC_MSGSEND = YES;
				GCC_C_LANGUAGE_STANDARD = gnu11;
				GCC_NO_COMMON_BLOCKS = YES;
				GCC_WARN_64_TO_32_BIT_CONVERSION = YES;
				GCC_WARN_ABOUT_RETURN_TYPE = YES_ERROR;
				GCC_WARN_UNDECLARED_SELECTOR = YES;
				GCC_WARN_UNINITIALIZED_AUTOS = YES_AGGRESSIVE;
				GCC_WARN_UNUSED_FUNCTION = YES;
				GCC_WARN_UNUSED_VARIABLE = YES;
				MACOSX_DEPLOYMENT_TARGET = 10.15;
				MTL_ENABLE_DEBUG_INFO = NO;
				MTL_FAST_MATH = YES;
				SDKROOT = macosx;
				SWIFT_COMPILATION_MODE = wholemodule;
				SWIFT_OPTIMIZATION_LEVEL = "-O";
			};
			name = Release;
		};
		D1564807242019460014A841 /* Debug */ = {
			isa = XCBuildConfiguration;
			buildSettings = {
				ASSETCATALOG_COMPILER_APPICON_NAME = AppIcon;
				CODE_SIGN_ENTITLEMENTS = LunoSwiftStreamer/LunoSwiftStreamer.entitlements;
				CODE_SIGN_STYLE = Automatic;
				COMBINE_HIDPI_IMAGES = YES;
				DEVELOPMENT_TEAM = 67KSA47428;
				ENABLE_HARDENED_RUNTIME = YES;
				INFOPLIST_FILE = LunoSwiftStreamer/Info.plist;
				LD_RUNPATH_SEARCH_PATHS = (
					"$(inherited)",
					"@executable_path/../Frameworks",
				);
				PRODUCT_BUNDLE_IDENTIFIER = com.elefantel.LunoSwiftStreamer;
				PRODUCT_NAME = "$(TARGET_NAME)";
				SWIFT_VERSION = 5.0;
			};
			name = Debug;
		};
		D1564808242019460014A841 /* Release */ = {
			isa = XCBuildConfiguration;
			buildSettings = {
				ASSETCATALOG_COMPILER_APPICON_NAME = AppIcon;
				CODE_SIGN_ENTITLEMENTS = LunoSwiftStreamer/LunoSwiftStreamer.entitlements;
				CODE_SIGN_STYLE = Automatic;
				COMBINE_HIDPI_IMAGES = YES;
				DEVELOPMENT_TEAM = 67KSA47428;
				ENABLE_HARDENED_RUNTIME = YES;
				INFOPLIST_FILE = LunoSwiftStreamer/Info.plist;
				LD_RUNPATH_SEARCH_PATHS = (
					"$(inherited)",
					"@executable_path/../Frameworks",
				);
				PRODUCT_BUNDLE_IDENTIFIER = com.elefantel.LunoSwiftStreamer;
				PRODUCT_NAME = "$(TARGET_NAME)";
				SWIFT_VERSION = 5.0;
			};
			name = Release;
		};
/* End XCBuildConfiguration section */

/* Begin XCConfigurationList section */
		D15647F1242019440014A841 /* Build configuration list for PBXProject "LunoSwiftStreamer" */ = {
			isa = XCConfigurationList;
			buildConfigurations = (
				D1564804242019460014A841 /* Debug */,
				D1564805242019460014A841 /* Release */,
			);
			defaultConfigurationIsVisible = 0;
			defaultConfigurationName = Release;
		};
		D1564806242019460014A841 /* Build configuration list for PBXNativeTarget "LunoSwiftStreamer" */ = {
			isa = XCConfigurationList;
			buildConfigurations = (
				D1564807242019460014A841 /* Debug */,
				D1564808242019460014A841 /* Release */,
			);
			defaultConfigurationIsVisible = 0;
			defaultConfigurationName = Release;
		};
/* End XCConfigurationList section */
	};
	rootObject = D15647EE242019440014A841 /* Project object */;
}
